// !$*UTF8*$!
{
	archiveVersion = 1;
	classes = {
	};
	objectVersion = 56;
	objects = {

/* Begin PBXBuildFile section */
		101D33302B6CC13F00DC7CBD /* anotherappApp.swift in Sources */ = {isa = PBXBuildFile; fileRef = 101D332F2B6CC13F00DC7CBD /* anotherappApp.swift */; };
		101D33342B6CC14000DC7CBD /* Assets.xcassets in Resources */ = {isa = PBXBuildFile; fileRef = 101D33332B6CC14000DC7CBD /* Assets.xcassets */; };
		101D33372B6CC14000DC7CBD /* Preview Assets.xcassets in Resources */ = {isa = PBXBuildFile; fileRef = 101D33362B6CC14000DC7CBD /* Preview Assets.xcassets */; };
		101D333E2B6CC2F000DC7CBD /* Framework.swift in Sources */ = {isa = PBXBuildFile; fileRef = 101D333D2B6CC2F000DC7CBD /* Framework.swift */; };
		101D33402B6CC5EA00DC7CBD /* AppGridView.swift in Sources */ = {isa = PBXBuildFile; fileRef = 101D333F2B6CC5EA00DC7CBD /* AppGridView.swift */; };
		109B69AA2B7B0E87004461A3 /* SafariView.swift in Sources */ = {isa = PBXBuildFile; fileRef = 109B69A92B7B0E87004461A3 /* SafariView.swift */; };
		10BD523F2B6ECF52004EF8FA /* DetailsView.swift in Sources */ = {isa = PBXBuildFile; fileRef = 10BD523E2B6ECF52004EF8FA /* DetailsView.swift */; };
		10BD52412B6ED6A6004EF8FA /* AFButon.swift in Sources */ = {isa = PBXBuildFile; fileRef = 10BD52402B6ED6A6004EF8FA /* AFButon.swift */; };
		10BD52432B6EE039004EF8FA /* FrameworkGridViewModel.swift in Sources */ = {isa = PBXBuildFile; fileRef = 10BD52422B6EE039004EF8FA /* FrameworkGridViewModel.swift */; };
/* End PBXBuildFile section */

/* Begin PBXFileReference section */
		101D332C2B6CC13F00DC7CBD /* anotherapp.app */ = {isa = PBXFileReference; explicitFileType = wrapper.application; includeInIndex = 0; path = anotherapp.app; sourceTree = BUILT_PRODUCTS_DIR; };
		101D332F2B6CC13F00DC7CBD /* anotherappApp.swift */ = {isa = PBXFileReference; lastKnownFileType = sourcecode.swift; path = anotherappApp.swift; sourceTree = "<group>"; };
		101D33332B6CC14000DC7CBD /* Assets.xcassets */ = {isa = PBXFileReference; lastKnownFileType = folder.assetcatalog; path = Assets.xcassets; sourceTree = "<group>"; };
		101D33362B6CC14000DC7CBD /* Preview Assets.xcassets */ = {isa = PBXFileReference; lastKnownFileType = folder.assetcatalog; path = "Preview Assets.xcassets"; sourceTree = "<group>"; };
		101D333D2B6CC2F000DC7CBD /* Framework.swift */ = {isa = PBXFileReference; lastKnownFileType = sourcecode.swift; path = Framework.swift; sourceTree = "<group>"; };
		101D333F2B6CC5EA00DC7CBD /* AppGridView.swift */ = {isa = PBXFileReference; lastKnownFileType = sourcecode.swift; path = AppGridView.swift; sourceTree = "<group>"; };
		109B69A92B7B0E87004461A3 /* SafariView.swift */ = {isa = PBXFileReference; lastKnownFileType = sourcecode.swift; path = SafariView.swift; sourceTree = "<group>"; };
		10BD523E2B6ECF52004EF8FA /* DetailsView.swift */ = {isa = PBXFileReference; lastKnownFileType = sourcecode.swift; path = DetailsView.swift; sourceTree = "<group>"; };
		10BD52402B6ED6A6004EF8FA /* AFButon.swift */ = {isa = PBXFileReference; lastKnownFileType = sourcecode.swift; path = AFButon.swift; sourceTree = "<group>"; };
		10BD52422B6EE039004EF8FA /* FrameworkGridViewModel.swift */ = {isa = PBXFileReference; lastKnownFileType = sourcecode.swift; path = FrameworkGridViewModel.swift; sourceTree = "<group>"; };
/* End PBXFileReference section */

/* Begin PBXFrameworksBuildPhase section */
		101D33292B6CC13F00DC7CBD /* Frameworks */ = {
			isa = PBXFrameworksBuildPhase;
			buildActionMask = 2147483647;
			files = (
			);
			runOnlyForDeploymentPostprocessing = 0;
		};
/* End PBXFrameworksBuildPhase section */

/* Begin PBXGroup section */
		101D33232B6CC13F00DC7CBD = {
			isa = PBXGroup;
			children = (
				101D332E2B6CC13F00DC7CBD /* anotherapp */,
				101D332D2B6CC13F00DC7CBD /* Products */,
			);
			sourceTree = "<group>";
		};
		101D332D2B6CC13F00DC7CBD /* Products */ = {
			isa = PBXGroup;
			children = (
				101D332C2B6CC13F00DC7CBD /* anotherapp.app */,
			);
			name = Products;
			sourceTree = "<group>";
		};
		101D332E2B6CC13F00DC7CBD /* anotherapp */ = {
			isa = PBXGroup;
			children = (
				101D332F2B6CC13F00DC7CBD /* anotherappApp.swift */,
				101D333F2B6CC5EA00DC7CBD /* AppGridView.swift */,
				101D333D2B6CC2F000DC7CBD /* Framework.swift */,
				101D33332B6CC14000DC7CBD /* Assets.xcassets */,
				10BD523E2B6ECF52004EF8FA /* DetailsView.swift */,
				10BD52402B6ED6A6004EF8FA /* AFButon.swift */,
				10BD52422B6EE039004EF8FA /* FrameworkGridViewModel.swift */,
				109B69A92B7B0E87004461A3 /* SafariView.swift */,
				101D33352B6CC14000DC7CBD /* Preview Content */,
			);
			path = anotherapp;
			sourceTree = "<group>";
		};
		101D33352B6CC14000DC7CBD /* Preview Content */ = {
			isa = PBXGroup;
			children = (
				101D33362B6CC14000DC7CBD /* Preview Assets.xcassets */,
			);
			path = "Preview Content";
			sourceTree = "<group>";
		};
/* End PBXGroup section */

/* Begin PBXNativeTarget section */
		101D332B2B6CC13F00DC7CBD /* anotherapp */ = {
			isa = PBXNativeTarget;
			buildConfigurationList = 101D333A2B6CC14000DC7CBD /* Build configuration list for PBXNativeTarget "anotherapp" */;
			buildPhases = (
				101D33282B6CC13F00DC7CBD /* Sources */,
				101D33292B6CC13F00DC7CBD /* Frameworks */,
				101D332A2B6CC13F00DC7CBD /* Resources */,
			);
			buildRules = (
			);
			dependencies = (
			);
			name = anotherapp;
			productName = anotherapp;
			productReference = 101D332C2B6CC13F00DC7CBD /* anotherapp.app */;
			productType = "com.apple.product-type.application";
		};
/* End PBXNativeTarget section */

/* Begin PBXProject section */
		101D33242B6CC13F00DC7CBD /* Project object */ = {
			isa = PBXProject;
			attributes = {
				BuildIndependentTargetsInParallel = 1;
				LastSwiftUpdateCheck = 1520;
				LastUpgradeCheck = 1520;
				TargetAttributes = {
					101D332B2B6CC13F00DC7CBD = {
						CreatedOnToolsVersion = 15.2;
					};
				};
			};
			buildConfigurationList = 101D33272B6CC13F00DC7CBD /* Build configuration list for PBXProject "anotherapp" */;
			compatibilityVersion = "Xcode 14.0";
			developmentRegion = en;
			hasScannedForEncodings = 0;
			knownRegions = (
				en,
				Base,
			);
			mainGroup = 101D33232B6CC13F00DC7CBD;
			productRefGroup = 101D332D2B6CC13F00DC7CBD /* Products */;
			projectDirPath = "";
			projectRoot = "";
			targets = (
				101D332B2B6CC13F00DC7CBD /* anotherapp */,
			);
		};
/* End PBXProject section */

/* Begin PBXResourcesBuildPhase section */
		101D332A2B6CC13F00DC7CBD /* Resources */ = {
			isa = PBXResourcesBuildPhase;
			buildActionMask = 2147483647;
			files = (
				101D33372B6CC14000DC7CBD /* Preview Assets.xcassets in Resources */,
				101D33342B6CC14000DC7CBD /* Assets.xcassets in Resources */,
			);
			runOnlyForDeploymentPostprocessing = 0;
		};
/* End PBXResourcesBuildPhase section */

/* Begin PBXSourcesBuildPhase section */
		101D33282B6CC13F00DC7CBD /* Sources */ = {
			isa = PBXSourcesBuildPhase;
			buildActionMask = 2147483647;
			files = (
				101D33402B6CC5EA00DC7CBD /* AppGridView.swift in Sources */,
				10BD523F2B6ECF52004EF8FA /* DetailsView.swift in Sources */,
				101D333E2B6CC2F000DC7CBD /* Framework.swift in Sources */,
				10BD52412B6ED6A6004EF8FA /* AFButon.swift in Sources */,
				101D33302B6CC13F00DC7CBD /* anotherappApp.swift in Sources */,
				10BD52432B6EE039004EF8FA /* FrameworkGridViewModel.swift in Sources */,
				109B69AA2B7B0E87004461A3 /* SafariView.swift in Sources */,
			);
			runOnlyForDeploymentPostprocessing = 0;
		};
/* End PBXSourcesBuildPhase section */

/* Begin XCBuildConfiguration section */
		101D33382B6CC14000DC7CBD /* Debug */ = {
			isa = XCBuildConfiguration;
			buildSettings = {
				ALWAYS_SEARCH_USER_PATHS = NO;
				ASSETCATALOG_COMPILER_GENERATE_SWIFT_ASSET_SYMBOL_EXTENSIONS = YES;
				CLANG_ANALYZER_NONNULL = YES;
				CLANG_ANALYZER_NUMBER_OBJECT_CONVERSION = YES_AGGRESSIVE;
				CLANG_CXX_LANGUAGE_STANDARD = "gnu++20";
				CLANG_ENABLE_MODULES = YES;
				CLANG_ENABLE_OBJC_ARC = YES;
				CLANG_ENABLE_OBJC_WEAK = YES;
				CLANG_WARN_BLOCK_CAPTURE_AUTORELEASING = YES;
				CLANG_WARN_BOOL_CONVERSION = YES;
				CLANG_WARN_COMMA = YES;
				CLANG_WARN_CONSTANT_CONVERSION = YES;
				CLANG_WARN_DEPRECATED_OBJC_IMPLEMENTATIONS = YES;
				CLANG_WARN_DIRECT_OBJC_ISA_USAGE = YES_ERROR;
				CLANG_WARN_DOCUMENTATION_COMMENTS = YES;
				CLANG_WARN_EMPTY_BODY = YES;
				CLANG_WARN_ENUM_CONVERSION = YES;
				CLANG_WARN_INFINITE_RECURSION = YES;
				CLANG_WARN_INT_CONVERSION = YES;
				CLANG_WARN_NON_LITERAL_NULL_CONVERSION = YES;
				CLANG_WARN_OBJC_IMPLICIT_RETAIN_SELF = YES;
				CLANG_WARN_OBJC_LITERAL_CONVERSION = YES;
				CLANG_WARN_OBJC_ROOT_CLASS = YES_ERROR;
				CLANG_WARN_QUOTED_INCLUDE_IN_FRAMEWORK_HEADER = YES;
				CLANG_WARN_RANGE_LOOP_ANALYSIS = YES;
				CLANG_WARN_STRICT_PROTOTYPES = YES;
				CLANG_WARN_SUSPICIOUS_MOVE = YES;
				CLANG_WARN_UNGUARDED_AVAILABILITY = YES_AGGRESSIVE;
				CLANG_WARN_UNREACHABLE_CODE = YES;
				CLANG_WARN__DUPLICATE_METHOD_MATCH = YES;
				COPY_PHASE_STRIP = NO;
				DEBUG_INFORMATION_FORMAT = dwarf;
				ENABLE_STRICT_OBJC_MSGSEND = YES;
				ENABLE_TESTABILITY = YES;
				ENABLE_USER_SCRIPT_SANDBOXING = YES;
				GCC_C_LANGUAGE_STANDARD = gnu17;
				GCC_DYNAMIC_NO_PIC = NO;
				GCC_NO_COMMON_BLOCKS = YES;
				GCC_OPTIMIZATION_LEVEL = 0;
				GCC_PREPROCESSOR_DEFINITIONS = (
					"DEBUG=1",
					"$(inherited)",
				);
				GCC_WARN_64_TO_32_BIT_CONVERSION = YES;
				GCC_WARN_ABOUT_RETURN_TYPE = YES_ERROR;
				GCC_WARN_UNDECLARED_SELECTOR = YES;
				GCC_WARN_UNINITIALIZED_AUTOS = YES_AGGRESSIVE;
				GCC_WARN_UNUSED_FUNCTION = YES;
				GCC_WARN_UNUSED_VARIABLE = YES;
				IPHONEOS_DEPLOYMENT_TARGET = 17.2;
				LOCALIZATION_PREFERS_STRING_CATALOGS = YES;
				MTL_ENABLE_DEBUG_INFO = INCLUDE_SOURCE;
				MTL_FAST_MATH = YES;
				ONLY_ACTIVE_ARCH = YES;
				SDKROOT = iphoneos;
				SWIFT_ACTIVE_COMPILATION_CONDITIONS = "DEBUG $(inherited)";
				SWIFT_OPTIMIZATION_LEVEL = "-Onone";
			};
			name = Debug;
		};
		101D33392B6CC14000DC7CBD /* Release */ = {
			isa = XCBuildConfiguration;
			buildSettings = {
				ALWAYS_SEARCH_USER_PATHS = NO;
				ASSETCATALOG_COMPILER_GENERATE_SWIFT_ASSET_SYMBOL_EXTENSIONS = YES;
				CLANG_ANALYZER_NONNULL = YES;
				CLANG_ANALYZER_NUMBER_OBJECT_CONVERSION = YES_AGGRESSIVE;
				CLANG_CXX_LANGUAGE_STANDARD = "gnu++20";
				CLANG_ENABLE_MODULES = YES;
				CLANG_ENABLE_OBJC_ARC = YES;
				CLANG_ENABLE_OBJC_WEAK = YES;
				CLANG_WARN_BLOCK_CAPTURE_AUTORELEASING = YES;
				CLANG_WARN_BOOL_CONVERSION = YES;
				CLANG_WARN_COMMA = YES;
				CLANG_WARN_CONSTANT_CONVERSION = YES;
				CLANG_WARN_DEPRECATED_OBJC_IMPLEMENTATIONS = YES;
				CLANG_WARN_DIRECT_OBJC_ISA_USAGE = YES_ERROR;
				CLANG_WARN_DOCUMENTATION_COMMENTS = YES;
				CLANG_WARN_EMPTY_BODY = YES;
				CLANG_WARN_ENUM_CONVERSION = YES;
				CLANG_WARN_INFINITE_RECURSION = YES;
				CLANG_WARN_INT_CONVERSION = YES;
				CLANG_WARN_NON_LITERAL_NULL_CONVERSION = YES;
				CLANG_WARN_OBJC_IMPLICIT_RETAIN_SELF = YES;
				CLANG_WARN_OBJC_LITERAL_CONVERSION = YES;
				CLANG_WARN_OBJC_ROOT_CLASS = YES_ERROR;
				CLANG_WARN_QUOTED_INCLUDE_IN_FRAMEWORK_HEADER = YES;
				CLANG_WARN_RANGE_LOOP_ANALYSIS = YES;
				CLANG_WARN_STRICT_PROTOTYPES = YES;
				CLANG_WARN_SUSPICIOUS_MOVE = YES;
				CLANG_WARN_UNGUARDED_AVAILABILITY = YES_AGGRESSIVE;
				CLANG_WARN_UNREACHABLE_CODE = YES;
				CLANG_WARN__DUPLICATE_METHOD_MATCH = YES;
				COPY_PHASE_STRIP = NO;
				DEBUG_INFORMATION_FORMAT = "dwarf-with-dsym";
				ENABLE_NS_ASSERTIONS = NO;
				ENABLE_STRICT_OBJC_MSGSEND = YES;
				ENABLE_USER_SCRIPT_SANDBOXING = YES;
				GCC_C_LANGUAGE_STANDARD = gnu17;
				GCC_NO_COMMON_BLOCKS = YES;
				GCC_WARN_64_TO_32_BIT_CONVERSION = YES;
				GCC_WARN_ABOUT_RETURN_TYPE = YES_ERROR;
				GCC_WARN_UNDECLARED_SELECTOR = YES;
				GCC_WARN_UNINITIALIZED_AUTOS = YES_AGGRESSIVE;
				GCC_WARN_UNUSED_FUNCTION = YES;
				GCC_WARN_UNUSED_VARIABLE = YES;
				IPHONEOS_DEPLOYMENT_TARGET = 17.2;
				LOCALIZATION_PREFERS_STRING_CATALOGS = YES;
				MTL_ENABLE_DEBUG_INFO = NO;
				MTL_FAST_MATH = YES;
				SDKROOT = iphoneos;
				SWIFT_COMPILATION_MODE = wholemodule;
				VALIDATE_PRODUCT = YES;
			};
			name = Release;
		};
		101D333B2B6CC14000DC7CBD /* Debug */ = {
			isa = XCBuildConfiguration;
			buildSettings = {
				ASSETCATALOG_COMPILER_APPICON_NAME = AppIcon;
				ASSETCATALOG_COMPILER_GLOBAL_ACCENT_COLOR_NAME = AccentColor;
				CODE_SIGN_STYLE = Automatic;
				CURRENT_PROJECT_VERSION = 1;
				DEVELOPMENT_ASSET_PATHS = "\"anotherapp/Preview Content\"";
				DEVELOPMENT_TEAM = F6K48NCQB5;
				ENABLE_PREVIEWS = YES;
				GENERATE_INFOPLIST_FILE = YES;
				INFOPLIST_KEY_UIApplicationSceneManifest_Generation = YES;
				INFOPLIST_KEY_UIApplicationSupportsIndirectInputEvents = YES;
				INFOPLIST_KEY_UILaunchScreen_Generation = YES;
				INFOPLIST_KEY_UISupportedInterfaceOrientations_iPad = "UIInterfaceOrientationPortrait UIInterfaceOrientationPortraitUpsideDown UIInterfaceOrientationLandscapeLeft UIInterfaceOrientationLandscapeRight";
				INFOPLIST_KEY_UISupportedInterfaceOrientations_iPhone = "UIInterfaceOrientationPortrait UIInterfaceOrientationLandscapeLeft UIInterfaceOrientationLandscapeRight";
				LD_RUNPATH_SEARCH_PATHS = (
					"$(inherited)",
					"@executable_path/Frameworks",
				);
				MARKETING_VERSION = 1.0;
				PRODUCT_BUNDLE_IDENTIFIER = "Dereck-Angeles.anotherapp";
				PRODUCT_NAME = "$(TARGET_NAME)";
				SWIFT_EMIT_LOC_STRINGS = YES;
				SWIFT_VERSION = 5.0;
				TARGETED_DEVICE_FAMILY = "1,2";
			};
			name = Debug;
		};
		101D333C2B6CC14000DC7CBD /* Release */ = {
			isa = XCBuildConfiguration;
			buildSettings = {
				ASSETCATALOG_COMPILER_APPICON_NAME = AppIcon;
				ASSETCATALOG_COMPILER_GLOBAL_ACCENT_COLOR_NAME = AccentColor;
				CODE_SIGN_STYLE = Automatic;
				CURRENT_PROJECT_VERSION = 1;
				DEVELOPMENT_ASSET_PATHS = "\"anotherapp/Preview Content\"";
				DEVELOPMENT_TEAM = F6K48NCQB5;
				ENABLE_PREVIEWS = YES;
				GENERATE_INFOPLIST_FILE = YES;
				INFOPLIST_KEY_UIApplicationSceneManifest_Generation = YES;
				INFOPLIST_KEY_UIApplicationSupportsIndirectInputEvents = YES;
				INFOPLIST_KEY_UILaunchScreen_Generation = YES;
				INFOPLIST_KEY_UISupportedInterfaceOrientations_iPad = "UIInterfaceOrientationPortrait UIInterfaceOrientationPortraitUpsideDown UIInterfaceOrientationLandscapeLeft UIInterfaceOrientationLandscapeRight";
				INFOPLIST_KEY_UISupportedInterfaceOrientations_iPhone = "UIInterfaceOrientationPortrait UIInterfaceOrientationLandscapeLeft UIInterfaceOrientationLandscapeRight";
				LD_RUNPATH_SEARCH_PATHS = (
					"$(inherited)",
					"@executable_path/Frameworks",
				);
				MARKETING_VERSION = 1.0;
				PRODUCT_BUNDLE_IDENTIFIER = "Dereck-Angeles.anotherapp";
				PRODUCT_NAME = "$(TARGET_NAME)";
				SWIFT_EMIT_LOC_STRINGS = YES;
				SWIFT_VERSION = 5.0;
				TARGETED_DEVICE_FAMILY = "1,2";
			};
			name = Release;
		};
/* End XCBuildConfiguration section */

/* Begin XCConfigurationList section */
		101D33272B6CC13F00DC7CBD /* Build configuration list for PBXProject "anotherapp" */ = {
			isa = XCConfigurationList;
			buildConfigurations = (
				101D33382B6CC14000DC7CBD /* Debug */,
				101D33392B6CC14000DC7CBD /* Release */,
			);
			defaultConfigurationIsVisible = 0;
			defaultConfigurationName = Release;
		};
		101D333A2B6CC14000DC7CBD /* Build configuration list for PBXNativeTarget "anotherapp" */ = {
			isa = XCConfigurationList;
			buildConfigurations = (
				101D333B2B6CC14000DC7CBD /* Debug */,
				101D333C2B6CC14000DC7CBD /* Release */,
			);
			defaultConfigurationIsVisible = 0;
			defaultConfigurationName = Release;
		};
/* End XCConfigurationList section */
	};
	rootObject = 101D33242B6CC13F00DC7CBD /* Project object */;
}
